{
  "name": "parseJudgeTitles",
  "version": "1.0.0",
  "lockfileVersion": 1,
  "requires": true,
  "dependencies": {
    "openlawnz-common": {
      "version": "git+https://github.com/openlawnz/openlawnz-common.git#17f64b9dc9ae66a2bd630b0f2f613a479eec7858",
      "from": "git+https://github.com/openlawnz/openlawnz-common.git"
    }
  }
}
