{
  "name": "@openlawnz/openlawnz-pipeline-pdfconverter-tests",
  "version": "1.0.0",
  "lockfileVersion": 1,
  "requires": true,
  "dependencies": {
    "@openlawnz/openlawnz-parsers": {
      "version": "1.0.1",
      "resolved": "https://registry.npmjs.org/@openlawnz/openlawnz-parsers/-/openlawnz-parsers-1.0.1.tgz",
      "integrity": "sha512-MIvnz/cBzCgZgTB5HgvFWHnSvi1zyUpMYb9jJwUB2OdFa/CLW8ks+O86f1XbKHCq7i6idQkt9NLBLsr4OP+ivg==",
      "requires": {
        "fuse.js": "^6.4.1",
        "pdfjs-dist": "^2.4.456"
      }
    },
    "fuse.js": {
      "version": "6.4.1",
      "resolved": "https://registry.npmjs.org/fuse.js/-/fuse.js-6.4.1.tgz",
      "integrity": "sha512-+hAS7KYgLXontDh/vqffs7wIBw0ceb9Sx8ywZQhOsiQGcSO5zInGhttWOUYQYlvV/yYMJOacQ129Xs3mP3+oZQ=="
    },
    "pdfjs-dist": {
      "version": "2.4.456",
      "resolved": "https://registry.npmjs.org/pdfjs-dist/-/pdfjs-dist-2.4.456.tgz",
      "integrity": "sha512-yckJEHq3F48hcp6wStEpbN9McOj328Ib09UrBlGAKxvN2k+qYPN5iq6TH6jD1C0pso7zTep+g/CKsYgdrQd5QA=="
    }
  }
}
